
Microsoft Visual Studio Solution File, Format Version 12.00
# Visual Studio 15
VisualStudioVersion = 15.0.28010.2016
MinimumVisualStudioVersion = 10.0.40219.1
Project("{FAE04EC0-301F-11D3-BF4B-00C04F79EFBC}") = "Smx", "Tabela\Smx.csproj", "{3649DF24-CF75-4A18-881D-63781059BF58}"
EndProject
Global
	GlobalSection(SolutionConfigurationPlatforms) = preSolution
		Debug|Any CPU = Debug|Any CPU
		Release|Any CPU = Release|Any CPU
	EndGlobalSection
	GlobalSection(ProjectConfigurationPlatforms) = postSolution
		{3649DF24-CF75-4A18-881D-63781059BF58}.Debug|Any CPU.ActiveCfg = Debug|Any CPU
		{3649DF24-CF75-4A18-881D-63781059BF58}.Debug|Any CPU.Build.0 = Debug|Any CPU
		{3649DF24-CF75-4A18-881D-63781059BF58}.Release|Any CPU.ActiveCfg = Release|Any CPU
		{3649DF24-CF75-4A18-881D-63781059BF58}.Release|Any CPU.Build.0 = Release|Any CPU
	EndGlobalSection
	GlobalSection(SolutionProperties) = preSolution
		HideSolutionNode = FALSE
	EndGlobalSection
	GlobalSection(ExtensibilityGlobals) = postSolution
		SolutionGuid = {5CB91E73-2C66-4049-9167-81EA7551805D}
	EndGlobalSection
EndGlobal
